
Microsoft Visual Studio Solution File, Format Version 12.00
# Visual Studio Version 16
VisualStudioVersion = 16.0.32630.194
MinimumVisualStudioVersion = 10.0.40219.1
Project("{FAE04EC0-301F-11D3-BF4B-00C04F79EFBC}") = "WpfApp1", "WpfApp1\WpfApp1.csproj", "{97EC1F3A-3F30-4621-903D-086C790AB156}"
EndProject
Global
	GlobalSection(SolutionConfigurationPlatforms) = preSolution
		Debug|Any CPU = Debug|Any CPU
		Release|Any CPU = Release|Any CPU
	EndGlobalSection
	GlobalSection(ProjectConfigurationPlatforms) = postSolution
		{97EC1F3A-3F30-4621-903D-086C790AB156}.Debug|Any CPU.ActiveCfg = Debug|Any CPU
		{97EC1F3A-3F30-4621-903D-086C790AB156}.Debug|Any CPU.Build.0 = Debug|Any CPU
		{97EC1F3A-3F30-4621-903D-086C790AB156}.Release|Any CPU.ActiveCfg = Release|Any CPU
		{97EC1F3A-3F30-4621-903D-086C790AB156}.Release|Any CPU.Build.0 = Release|Any CPU
	EndGlobalSection
	GlobalSection(SolutionProperties) = preSolution
		HideSolutionNode = FALSE
	EndGlobalSection
	GlobalSection(ExtensibilityGlobals) = postSolution
		SolutionGuid = {6A5B17C1-E919-4624-B657-21573BAC6B51}
	EndGlobalSection
EndGlobal
